// !$*UTF8*$!
{
	archiveVersion = 1;
	classes = {
	};
	objectVersion = 46;
	objects = {

/* Begin PBXBuildFile section */
		05095EE61D9725EB003673C1 /* AppDelegate.swift in Sources */ = {isa = PBXBuildFile; fileRef = 05095EE51D9725EB003673C1 /* AppDelegate.swift */; };
		05095EE81D9725EB003673C1 /* ViewController.swift in Sources */ = {isa = PBXBuildFile; fileRef = 05095EE71D9725EB003673C1 /* ViewController.swift */; };
		05095EEB1D9725EB003673C1 /* Main.storyboard in Resources */ = {isa = PBXBuildFile; fileRef = 05095EE91D9725EB003673C1 /* Main.storyboard */; };
		05095EED1D9725EB003673C1 /* Assets.xcassets in Resources */ = {isa = PBXBuildFile; fileRef = 05095EEC1D9725EB003673C1 /* Assets.xcassets */; };
		05095EF01D9725EB003673C1 /* LaunchScreen.storyboard in Resources */ = {isa = PBXBuildFile; fileRef = 05095EEE1D9725EB003673C1 /* LaunchScreen.storyboard */; };
		05095EFB1D9725EB003673C1 /* La_ColectivaTests.swift in Sources */ = {isa = PBXBuildFile; fileRef = 05095EFA1D9725EB003673C1 /* La_ColectivaTests.swift */; };
		05095F061D9725EB003673C1 /* La_ColectivaUITests.swift in Sources */ = {isa = PBXBuildFile; fileRef = 05095F051D9725EB003673C1 /* La_ColectivaUITests.swift */; };
		05095F161D97402C003673C1 /* EventsViewController.swift in Sources */ = {isa = PBXBuildFile; fileRef = 05095F151D97402C003673C1 /* EventsViewController.swift */; };
		05095F1A1D97429B003673C1 /* Event.swift in Sources */ = {isa = PBXBuildFile; fileRef = 05095F191D97429B003673C1 /* Event.swift */; };
		05095F201D974776003673C1 /* EventTableViewCell.swift in Sources */ = {isa = PBXBuildFile; fileRef = 05095F1F1D974776003673C1 /* EventTableViewCell.swift */; };
		05095F221D974B7E003673C1 /* Job.swift in Sources */ = {isa = PBXBuildFile; fileRef = 05095F211D974B7E003673C1 /* Job.swift */; };
		05095F241D974BD5003673C1 /* User.swift in Sources */ = {isa = PBXBuildFile; fileRef = 05095F231D974BD5003673C1 /* User.swift */; };
		05095F261D974D96003673C1 /* JobsViewController.swift in Sources */ = {isa = PBXBuildFile; fileRef = 05095F251D974D96003673C1 /* JobsViewController.swift */; };
		05095F281D974DC6003673C1 /* JobTableViewCell.swift in Sources */ = {isa = PBXBuildFile; fileRef = 05095F271D974DC6003673C1 /* JobTableViewCell.swift */; };
		05095F2A1D975573003673C1 /* ProfileViewController.swift in Sources */ = {isa = PBXBuildFile; fileRef = 05095F291D975573003673C1 /* ProfileViewController.swift */; };
		054BDDB41D97660900F492B0 /* SignupViewController1.swift in Sources */ = {isa = PBXBuildFile; fileRef = 054BDDB31D97660900F492B0 /* SignupViewController1.swift */; };
		5387B65F72215BA2AE0E09EF /* Pods_La_Colectiva.framework in Frameworks */ = {isa = PBXBuildFile; fileRef = CDE7AE58DBC8EA6E1EE3D116 /* Pods_La_Colectiva.framework */; };
/* End PBXBuildFile section */

/* Begin PBXContainerItemProxy section */
		05095EF71D9725EB003673C1 /* PBXContainerItemProxy */ = {
			isa = PBXContainerItemProxy;
			containerPortal = 05095EDA1D9725EB003673C1 /* Project object */;
			proxyType = 1;
			remoteGlobalIDString = 05095EE11D9725EB003673C1;
			remoteInfo = "La Colectiva";
		};
		05095F021D9725EB003673C1 /* PBXContainerItemProxy */ = {
			isa = PBXContainerItemProxy;
			containerPortal = 05095EDA1D9725EB003673C1 /* Project object */;
			proxyType = 1;
			remoteGlobalIDString = 05095EE11D9725EB003673C1;
			remoteInfo = "La Colectiva";
		};
/* End PBXContainerItemProxy section */

/* Begin PBXFileReference section */
		05095EE21D9725EB003673C1 /* La Colectiva.app */ = {isa = PBXFileReference; explicitFileType = wrapper.application; includeInIndex = 0; path = "La Colectiva.app"; sourceTree = BUILT_PRODUCTS_DIR; };
		05095EE51D9725EB003673C1 /* AppDelegate.swift */ = {isa = PBXFileReference; lastKnownFileType = sourcecode.swift; path = AppDelegate.swift; sourceTree = "<group>"; };
		05095EE71D9725EB003673C1 /* ViewController.swift */ = {isa = PBXFileReference; lastKnownFileType = sourcecode.swift; path = ViewController.swift; sourceTree = "<group>"; };
		05095EEA1D9725EB003673C1 /* Base */ = {isa = PBXFileReference; lastKnownFileType = file.storyboard; name = Base; path = Base.lproj/Main.storyboard; sourceTree = "<group>"; };
		05095EEC1D9725EB003673C1 /* Assets.xcassets */ = {isa = PBXFileReference; lastKnownFileType = folder.assetcatalog; path = Assets.xcassets; sourceTree = "<group>"; };
		05095EEF1D9725EB003673C1 /* Base */ = {isa = PBXFileReference; lastKnownFileType = file.storyboard; name = Base; path = Base.lproj/LaunchScreen.storyboard; sourceTree = "<group>"; };
		05095EF11D9725EB003673C1 /* Info.plist */ = {isa = PBXFileReference; lastKnownFileType = text.plist.xml; path = Info.plist; sourceTree = "<group>"; };
		05095EF61D9725EB003673C1 /* La ColectivaTests.xctest */ = {isa = PBXFileReference; explicitFileType = wrapper.cfbundle; includeInIndex = 0; path = "La ColectivaTests.xctest"; sourceTree = BUILT_PRODUCTS_DIR; };
		05095EFA1D9725EB003673C1 /* La_ColectivaTests.swift */ = {isa = PBXFileReference; lastKnownFileType = sourcecode.swift; path = La_ColectivaTests.swift; sourceTree = "<group>"; };
		05095EFC1D9725EB003673C1 /* Info.plist */ = {isa = PBXFileReference; lastKnownFileType = text.plist.xml; path = Info.plist; sourceTree = "<group>"; };
		05095F011D9725EB003673C1 /* La ColectivaUITests.xctest */ = {isa = PBXFileReference; explicitFileType = wrapper.cfbundle; includeInIndex = 0; path = "La ColectivaUITests.xctest"; sourceTree = BUILT_PRODUCTS_DIR; };
		05095F051D9725EB003673C1 /* La_ColectivaUITests.swift */ = {isa = PBXFileReference; lastKnownFileType = sourcecode.swift; path = La_ColectivaUITests.swift; sourceTree = "<group>"; };
		05095F071D9725EB003673C1 /* Info.plist */ = {isa = PBXFileReference; lastKnownFileType = text.plist.xml; path = Info.plist; sourceTree = "<group>"; };
		05095F131D97300E003673C1 /* es */ = {isa = PBXFileReference; lastKnownFileType = text.plist.strings; name = es; path = es.lproj/Main.strings; sourceTree = "<group>"; };
		05095F141D97300E003673C1 /* es */ = {isa = PBXFileReference; lastKnownFileType = text.plist.strings; name = es; path = es.lproj/LaunchScreen.strings; sourceTree = "<group>"; };
		05095F151D97402C003673C1 /* EventsViewController.swift */ = {isa = PBXFileReference; fileEncoding = 4; lastKnownFileType = sourcecode.swift; path = EventsViewController.swift; sourceTree = "<group>"; };
		05095F191D97429B003673C1 /* Event.swift */ = {isa = PBXFileReference; fileEncoding = 4; lastKnownFileType = sourcecode.swift; path = Event.swift; sourceTree = "<group>"; };
		05095F1F1D974776003673C1 /* EventTableViewCell.swift */ = {isa = PBXFileReference; fileEncoding = 4; lastKnownFileType = sourcecode.swift; path = EventTableViewCell.swift; sourceTree = "<group>"; };
		05095F211D974B7E003673C1 /* Job.swift */ = {isa = PBXFileReference; fileEncoding = 4; lastKnownFileType = sourcecode.swift; path = Job.swift; sourceTree = "<group>"; };
		05095F231D974BD5003673C1 /* User.swift */ = {isa = PBXFileReference; fileEncoding = 4; lastKnownFileType = sourcecode.swift; path = User.swift; sourceTree = "<group>"; };
		05095F251D974D96003673C1 /* JobsViewController.swift */ = {isa = PBXFileReference; fileEncoding = 4; lastKnownFileType = sourcecode.swift; path = JobsViewController.swift; sourceTree = "<group>"; };
		05095F271D974DC6003673C1 /* JobTableViewCell.swift */ = {isa = PBXFileReference; fileEncoding = 4; lastKnownFileType = sourcecode.swift; path = JobTableViewCell.swift; sourceTree = "<group>"; };
		05095F291D975573003673C1 /* ProfileViewController.swift */ = {isa = PBXFileReference; fileEncoding = 4; lastKnownFileType = sourcecode.swift; path = ProfileViewController.swift; sourceTree = "<group>"; };
		054BDDB31D97660900F492B0 /* SignupViewController1.swift */ = {isa = PBXFileReference; fileEncoding = 4; lastKnownFileType = sourcecode.swift; path = SignupViewController1.swift; sourceTree = "<group>"; };
		5D221649CAD4C633C6DE690E /* Pods-La Colectiva.debug.xcconfig */ = {isa = PBXFileReference; includeInIndex = 1; lastKnownFileType = text.xcconfig; name = "Pods-La Colectiva.debug.xcconfig"; path = "Pods/Target Support Files/Pods-La Colectiva/Pods-La Colectiva.debug.xcconfig"; sourceTree = "<group>"; };
		7CBDFD515C9C4004BFA4A0CF /* Pods-La Colectiva.release.xcconfig */ = {isa = PBXFileReference; includeInIndex = 1; lastKnownFileType = text.xcconfig; name = "Pods-La Colectiva.release.xcconfig"; path = "Pods/Target Support Files/Pods-La Colectiva/Pods-La Colectiva.release.xcconfig"; sourceTree = "<group>"; };
		CDE7AE58DBC8EA6E1EE3D116 /* Pods_La_Colectiva.framework */ = {isa = PBXFileReference; explicitFileType = wrapper.framework; includeInIndex = 0; path = Pods_La_Colectiva.framework; sourceTree = BUILT_PRODUCTS_DIR; };
/* End PBXFileReference section */

/* Begin PBXFrameworksBuildPhase section */
		05095EDF1D9725EB003673C1 /* Frameworks */ = {
			isa = PBXFrameworksBuildPhase;
			buildActionMask = 2147483647;
			files = (
				5387B65F72215BA2AE0E09EF /* Pods_La_Colectiva.framework in Frameworks */,
			);
			runOnlyForDeploymentPostprocessing = 0;
		};
		05095EF31D9725EB003673C1 /* Frameworks */ = {
			isa = PBXFrameworksBuildPhase;
			buildActionMask = 2147483647;
			files = (
			);
			runOnlyForDeploymentPostprocessing = 0;
		};
		05095EFE1D9725EB003673C1 /* Frameworks */ = {
			isa = PBXFrameworksBuildPhase;
			buildActionMask = 2147483647;
			files = (
			);
			runOnlyForDeploymentPostprocessing = 0;
		};
/* End PBXFrameworksBuildPhase section */

/* Begin PBXGroup section */
		05095ED91D9725EB003673C1 = {
			isa = PBXGroup;
			children = (
				05095EE41D9725EB003673C1 /* La Colectiva */,
				05095EF91D9725EB003673C1 /* La ColectivaTests */,
				05095F041D9725EB003673C1 /* La ColectivaUITests */,
				05095EE31D9725EB003673C1 /* Products */,
				96EE29ED05160374C8970405 /* Pods */,
				D82B79C8844CF7E2513807A3 /* Frameworks */,
			);
			sourceTree = "<group>";
		};
		05095EE31D9725EB003673C1 /* Products */ = {
			isa = PBXGroup;
			children = (
				05095EE21D9725EB003673C1 /* La Colectiva.app */,
				05095EF61D9725EB003673C1 /* La ColectivaTests.xctest */,
				05095F011D9725EB003673C1 /* La ColectivaUITests.xctest */,
			);
			name = Products;
			sourceTree = "<group>";
		};
		05095EE41D9725EB003673C1 /* La Colectiva */ = {
			isa = PBXGroup;
			children = (
				05095F1D1D974748003673C1 /* Views */,
				05095F181D974066003673C1 /* Models */,
				05095F171D974054003673C1 /* ViewControllers */,
				05095EE51D9725EB003673C1 /* AppDelegate.swift */,
				05095EE91D9725EB003673C1 /* Main.storyboard */,
				05095EEC1D9725EB003673C1 /* Assets.xcassets */,
				05095EEE1D9725EB003673C1 /* LaunchScreen.storyboard */,
				05095EF11D9725EB003673C1 /* Info.plist */,
			);
			path = "La Colectiva";
			sourceTree = "<group>";
		};
		05095EF91D9725EB003673C1 /* La ColectivaTests */ = {
			isa = PBXGroup;
			children = (
				05095EFA1D9725EB003673C1 /* La_ColectivaTests.swift */,
				05095EFC1D9725EB003673C1 /* Info.plist */,
			);
			path = "La ColectivaTests";
			sourceTree = "<group>";
		};
		05095F041D9725EB003673C1 /* La ColectivaUITests */ = {
			isa = PBXGroup;
			children = (
				05095F051D9725EB003673C1 /* La_ColectivaUITests.swift */,
				05095F071D9725EB003673C1 /* Info.plist */,
			);
			path = "La ColectivaUITests";
			sourceTree = "<group>";
		};
		05095F171D974054003673C1 /* ViewControllers */ = {
			isa = PBXGroup;
			children = (
				05095EE71D9725EB003673C1 /* ViewController.swift */,
				05095F151D97402C003673C1 /* EventsViewController.swift */,
				05095F251D974D96003673C1 /* JobsViewController.swift */,
				05095F291D975573003673C1 /* ProfileViewController.swift */,
				054BDDB31D97660900F492B0 /* SignupViewController1.swift */,
			);
			name = ViewControllers;
			sourceTree = "<group>";
		};
		05095F181D974066003673C1 /* Models */ = {
			isa = PBXGroup;
			children = (
				05095F191D97429B003673C1 /* Event.swift */,
				05095F211D974B7E003673C1 /* Job.swift */,
				05095F231D974BD5003673C1 /* User.swift */,
			);
			name = Models;
			sourceTree = "<group>";
		};
		05095F1D1D974748003673C1 /* Views */ = {
			isa = PBXGroup;
			children = (
				05095F1E1D974753003673C1 /* Cells */,
			);
			name = Views;
			sourceTree = "<group>";
		};
		05095F1E1D974753003673C1 /* Cells */ = {
			isa = PBXGroup;
			children = (
				05095F1F1D974776003673C1 /* EventTableViewCell.swift */,
				05095F271D974DC6003673C1 /* JobTableViewCell.swift */,
			);
			name = Cells;
			sourceTree = "<group>";
		};
		96EE29ED05160374C8970405 /* Pods */ = {
			isa = PBXGroup;
			children = (
				5D221649CAD4C633C6DE690E /* Pods-La Colectiva.debug.xcconfig */,
				7CBDFD515C9C4004BFA4A0CF /* Pods-La Colectiva.release.xcconfig */,
			);
			name = Pods;
			sourceTree = "<group>";
		};
		D82B79C8844CF7E2513807A3 /* Frameworks */ = {
			isa = PBXGroup;
			children = (
				CDE7AE58DBC8EA6E1EE3D116 /* Pods_La_Colectiva.framework */,
			);
			name = Frameworks;
			sourceTree = "<group>";
		};
/* End PBXGroup section */

/* Begin PBXNativeTarget section */
		05095EE11D9725EB003673C1 /* La Colectiva */ = {
			isa = PBXNativeTarget;
			buildConfigurationList = 05095F0A1D9725EB003673C1 /* Build configuration list for PBXNativeTarget "La Colectiva" */;
			buildPhases = (
				41B29F486D4F0253A6BE8A8B /* [CP] Check Pods Manifest.lock */,
				05095EDE1D9725EB003673C1 /* Sources */,
				05095EDF1D9725EB003673C1 /* Frameworks */,
				05095EE01D9725EB003673C1 /* Resources */,
				A2B5DE15C70BE98D29AA2233 /* [CP] Embed Pods Frameworks */,
				F138F0670C77B7192AF83052 /* [CP] Copy Pods Resources */,
			);
			buildRules = (
			);
			dependencies = (
			);
			name = "La Colectiva";
			productName = "La Colectiva";
			productReference = 05095EE21D9725EB003673C1 /* La Colectiva.app */;
			productType = "com.apple.product-type.application";
		};
		05095EF51D9725EB003673C1 /* La ColectivaTests */ = {
			isa = PBXNativeTarget;
			buildConfigurationList = 05095F0D1D9725EB003673C1 /* Build configuration list for PBXNativeTarget "La ColectivaTests" */;
			buildPhases = (
				05095EF21D9725EB003673C1 /* Sources */,
				05095EF31D9725EB003673C1 /* Frameworks */,
				05095EF41D9725EB003673C1 /* Resources */,
			);
			buildRules = (
			);
			dependencies = (
				05095EF81D9725EB003673C1 /* PBXTargetDependency */,
			);
			name = "La ColectivaTests";
			productName = "La ColectivaTests";
			productReference = 05095EF61D9725EB003673C1 /* La ColectivaTests.xctest */;
			productType = "com.apple.product-type.bundle.unit-test";
		};
		05095F001D9725EB003673C1 /* La ColectivaUITests */ = {
			isa = PBXNativeTarget;
			buildConfigurationList = 05095F101D9725EB003673C1 /* Build configuration list for PBXNativeTarget "La ColectivaUITests" */;
			buildPhases = (
				05095EFD1D9725EB003673C1 /* Sources */,
				05095EFE1D9725EB003673C1 /* Frameworks */,
				05095EFF1D9725EB003673C1 /* Resources */,
			);
			buildRules = (
			);
			dependencies = (
				05095F031D9725EB003673C1 /* PBXTargetDependency */,
			);
			name = "La ColectivaUITests";
			productName = "La ColectivaUITests";
			productReference = 05095F011D9725EB003673C1 /* La ColectivaUITests.xctest */;
			productType = "com.apple.product-type.bundle.ui-testing";
		};
/* End PBXNativeTarget section */

/* Begin PBXProject section */
		05095EDA1D9725EB003673C1 /* Project object */ = {
			isa = PBXProject;
			attributes = {
				LastSwiftUpdateCheck = 0800;
				LastUpgradeCheck = 0800;
				ORGANIZATIONNAME = "Vohra, Nikant";
				TargetAttributes = {
					05095EE11D9725EB003673C1 = {
						CreatedOnToolsVersion = 8.0;
						DevelopmentTeam = HPTGC36X8W;
						ProvisioningStyle = Automatic;
					};
					05095EF51D9725EB003673C1 = {
						CreatedOnToolsVersion = 8.0;
						ProvisioningStyle = Automatic;
						TestTargetID = 05095EE11D9725EB003673C1;
					};
					05095F001D9725EB003673C1 = {
						CreatedOnToolsVersion = 8.0;
						ProvisioningStyle = Automatic;
						TestTargetID = 05095EE11D9725EB003673C1;
					};
				};
			};
			buildConfigurationList = 05095EDD1D9725EB003673C1 /* Build configuration list for PBXProject "La Colectiva" */;
			compatibilityVersion = "Xcode 3.2";
			developmentRegion = English;
			hasScannedForEncodings = 0;
			knownRegions = (
				en,
				Base,
			);
			mainGroup = 05095ED91D9725EB003673C1;
			productRefGroup = 05095EE31D9725EB003673C1 /* Products */;
			projectDirPath = "";
			projectRoot = "";
			targets = (
				05095EE11D9725EB003673C1 /* La Colectiva */,
				05095EF51D9725EB003673C1 /* La ColectivaTests */,
				05095F001D9725EB003673C1 /* La ColectivaUITests */,
			);
		};
/* End PBXProject section */

/* Begin PBXResourcesBuildPhase section */
		05095EE01D9725EB003673C1 /* Resources */ = {
			isa = PBXResourcesBuildPhase;
			buildActionMask = 2147483647;
			files = (
				05095EF01D9725EB003673C1 /* LaunchScreen.storyboard in Resources */,
				05095EED1D9725EB003673C1 /* Assets.xcassets in Resources */,
				05095EEB1D9725EB003673C1 /* Main.storyboard in Resources */,
			);
			runOnlyForDeploymentPostprocessing = 0;
		};
		05095EF41D9725EB003673C1 /* Resources */ = {
			isa = PBXResourcesBuildPhase;
			buildActionMask = 2147483647;
			files = (
			);
			runOnlyForDeploymentPostprocessing = 0;
		};
		05095EFF1D9725EB003673C1 /* Resources */ = {
			isa = PBXResourcesBuildPhase;
			buildActionMask = 2147483647;
			files = (
			);
			runOnlyForDeploymentPostprocessing = 0;
		};
/* End PBXResourcesBuildPhase section */

/* Begin PBXShellScriptBuildPhase section */
		41B29F486D4F0253A6BE8A8B /* [CP] Check Pods Manifest.lock */ = {
			isa = PBXShellScriptBuildPhase;
			buildActionMask = 2147483647;
			files = (
			);
			inputPaths = (
			);
			name = "[CP] Check Pods Manifest.lock";
			outputPaths = (
			);
			runOnlyForDeploymentPostprocessing = 0;
			shellPath = /bin/sh;
			shellScript = "diff \"${PODS_ROOT}/../Podfile.lock\" \"${PODS_ROOT}/Manifest.lock\" > /dev/null\nif [[ $? != 0 ]] ; then\n    cat << EOM\nerror: The sandbox is not in sync with the Podfile.lock. Run 'pod install' or update your CocoaPods installation.\nEOM\n    exit 1\nfi\n";
			showEnvVarsInLog = 0;
		};
		A2B5DE15C70BE98D29AA2233 /* [CP] Embed Pods Frameworks */ = {
			isa = PBXShellScriptBuildPhase;
			buildActionMask = 2147483647;
			files = (
			);
			inputPaths = (
			);
			name = "[CP] Embed Pods Frameworks";
			outputPaths = (
			);
			runOnlyForDeploymentPostprocessing = 0;
			shellPath = /bin/sh;
			shellScript = "\"${SRCROOT}/Pods/Target Support Files/Pods-La Colectiva/Pods-La Colectiva-frameworks.sh\"\n";
			showEnvVarsInLog = 0;
		};
		F138F0670C77B7192AF83052 /* [CP] Copy Pods Resources */ = {
			isa = PBXShellScriptBuildPhase;
			buildActionMask = 2147483647;
			files = (
			);
			inputPaths = (
			);
			name = "[CP] Copy Pods Resources";
			outputPaths = (
			);
			runOnlyForDeploymentPostprocessing = 0;
			shellPath = /bin/sh;
			shellScript = "\"${SRCROOT}/Pods/Target Support Files/Pods-La Colectiva/Pods-La Colectiva-resources.sh\"\n";
			showEnvVarsInLog = 0;
		};
/* End PBXShellScriptBuildPhase section */

/* Begin PBXSourcesBuildPhase section */
		05095EDE1D9725EB003673C1 /* Sources */ = {
			isa = PBXSourcesBuildPhase;
			buildActionMask = 2147483647;
			files = (
				05095F261D974D96003673C1 /* JobsViewController.swift in Sources */,
				05095F1A1D97429B003673C1 /* Event.swift in Sources */,
				05095F2A1D975573003673C1 /* ProfileViewController.swift in Sources */,
				05095F221D974B7E003673C1 /* Job.swift in Sources */,
				054BDDB41D97660900F492B0 /* SignupViewController1.swift in Sources */,
				05095EE81D9725EB003673C1 /* ViewController.swift in Sources */,
				05095EE61D9725EB003673C1 /* AppDelegate.swift in Sources */,
				05095F201D974776003673C1 /* EventTableViewCell.swift in Sources */,
				05095F281D974DC6003673C1 /* JobTableViewCell.swift in Sources */,
				05095F161D97402C003673C1 /* EventsViewController.swift in Sources */,
				05095F241D974BD5003673C1 /* User.swift in Sources */,
			);
			runOnlyForDeploymentPostprocessing = 0;
		};
		05095EF21D9725EB003673C1 /* Sources */ = {
			isa = PBXSourcesBuildPhase;
			buildActionMask = 2147483647;
			files = (
				05095EFB1D9725EB003673C1 /* La_ColectivaTests.swift in Sources */,
			);
			runOnlyForDeploymentPostprocessing = 0;
		};
		05095EFD1D9725EB003673C1 /* Sources */ = {
			isa = PBXSourcesBuildPhase;
			buildActionMask = 2147483647;
			files = (
				05095F061D9725EB003673C1 /* La_ColectivaUITests.swift in Sources */,
			);
			runOnlyForDeploymentPostprocessing = 0;
		};
/* End PBXSourcesBuildPhase section */

/* Begin PBXTargetDependency section */
		05095EF81D9725EB003673C1 /* PBXTargetDependency */ = {
			isa = PBXTargetDependency;
			target = 05095EE11D9725EB003673C1 /* La Colectiva */;
			targetProxy = 05095EF71D9725EB003673C1 /* PBXContainerItemProxy */;
		};
		05095F031D9725EB003673C1 /* PBXTargetDependency */ = {
			isa = PBXTargetDependency;
			target = 05095EE11D9725EB003673C1 /* La Colectiva */;
			targetProxy = 05095F021D9725EB003673C1 /* PBXContainerItemProxy */;
		};
/* End PBXTargetDependency section */

/* Begin PBXVariantGroup section */
		05095EE91D9725EB003673C1 /* Main.storyboard */ = {
			isa = PBXVariantGroup;
			children = (
				05095EEA1D9725EB003673C1 /* Base */,
				05095F131D97300E003673C1 /* es */,
			);
			name = Main.storyboard;
			sourceTree = "<group>";
		};
		05095EEE1D9725EB003673C1 /* LaunchScreen.storyboard */ = {
			isa = PBXVariantGroup;
			children = (
				05095EEF1D9725EB003673C1 /* Base */,
				05095F141D97300E003673C1 /* es */,
			);
			name = LaunchScreen.storyboard;
			sourceTree = "<group>";
		};
/* End PBXVariantGroup section */

/* Begin XCBuildConfiguration section */
		05095F081D9725EB003673C1 /* Debug */ = {
			isa = XCBuildConfiguration;
			buildSettings = {
				ALWAYS_SEARCH_USER_PATHS = NO;
				CLANG_ANALYZER_LOCALIZABILITY_NONLOCALIZED = YES;
				CLANG_ANALYZER_NONNULL = YES;
				CLANG_CXX_LANGUAGE_STANDARD = "gnu++0x";
				CLANG_CXX_LIBRARY = "libc++";
				CLANG_ENABLE_MODULES = YES;
				CLANG_ENABLE_OBJC_ARC = YES;
				CLANG_WARN_BOOL_CONVERSION = YES;
				CLANG_WARN_CONSTANT_CONVERSION = YES;
				CLANG_WARN_DIRECT_OBJC_ISA_USAGE = YES_ERROR;
				CLANG_WARN_DOCUMENTATION_COMMENTS = YES;
				CLANG_WARN_EMPTY_BODY = YES;
				CLANG_WARN_ENUM_CONVERSION = YES;
				CLANG_WARN_INFINITE_RECURSION = YES;
				CLANG_WARN_INT_CONVERSION = YES;
				CLANG_WARN_OBJC_ROOT_CLASS = YES_ERROR;
				CLANG_WARN_SUSPICIOUS_MOVES = YES;
				CLANG_WARN_UNREACHABLE_CODE = YES;
				CLANG_WARN__DUPLICATE_METHOD_MATCH = YES;
				"CODE_SIGN_IDENTITY[sdk=iphoneos*]" = "iPhone Developer";
				COPY_PHASE_STRIP = NO;
				DEBUG_INFORMATION_FORMAT = dwarf;
				ENABLE_STRICT_OBJC_MSGSEND = YES;
				ENABLE_TESTABILITY = YES;
				GCC_C_LANGUAGE_STANDARD = gnu99;
				GCC_DYNAMIC_NO_PIC = NO;
				GCC_NO_COMMON_BLOCKS = YES;
				GCC_OPTIMIZATION_LEVEL = 0;
				GCC_PREPROCESSOR_DEFINITIONS = (
					"DEBUG=1",
					"$(inherited)",
				);
				GCC_WARN_64_TO_32_BIT_CONVERSION = YES;
				GCC_WARN_ABOUT_RETURN_TYPE = YES_ERROR;
				GCC_WARN_UNDECLARED_SELECTOR = YES;
				GCC_WARN_UNINITIALIZED_AUTOS = YES_AGGRESSIVE;
				GCC_WARN_UNUSED_FUNCTION = YES;
				GCC_WARN_UNUSED_VARIABLE = YES;
				IPHONEOS_DEPLOYMENT_TARGET = 10.0;
				MTL_ENABLE_DEBUG_INFO = YES;
				ONLY_ACTIVE_ARCH = YES;
				SDKROOT = iphoneos;
				SWIFT_ACTIVE_COMPILATION_CONDITIONS = DEBUG;
				SWIFT_OPTIMIZATION_LEVEL = "-Onone";
			};
			name = Debug;
		};
		05095F091D9725EB003673C1 /* Release */ = {
			isa = XCBuildConfiguration;
			buildSettings = {
				ALWAYS_SEARCH_USER_PATHS = NO;
				CLANG_ANALYZER_LOCALIZABILITY_NONLOCALIZED = YES;
				CLANG_ANALYZER_NONNULL = YES;
				CLANG_CXX_LANGUAGE_STANDARD = "gnu++0x";
				CLANG_CXX_LIBRARY = "libc++";
				CLANG_ENABLE_MODULES = YES;
				CLANG_ENABLE_OBJC_ARC = YES;
				CLANG_WARN_BOOL_CONVERSION = YES;
				CLANG_WARN_CONSTANT_CONVERSION = YES;
				CLANG_WARN_DIRECT_OBJC_ISA_USAGE = YES_ERROR;
				CLANG_WARN_DOCUMENTATION_COMMENTS = YES;
				CLANG_WARN_EMPTY_BODY = YES;
				CLANG_WARN_ENUM_CONVERSION = YES;
				CLANG_WARN_INFINITE_RECURSION = YES;
				CLANG_WARN_INT_CONVERSION = YES;
				CLANG_WARN_OBJC_ROOT_CLASS = YES_ERROR;
				CLANG_WARN_SUSPICIOUS_MOVES = YES;
				CLANG_WARN_UNREACHABLE_CODE = YES;
				CLANG_WARN__DUPLICATE_METHOD_MATCH = YES;
				"CODE_SIGN_IDENTITY[sdk=iphoneos*]" = "iPhone Developer";
				COPY_PHASE_STRIP = NO;
				DEBUG_INFORMATION_FORMAT = "dwarf-with-dsym";
				ENABLE_NS_ASSERTIONS = NO;
				ENABLE_STRICT_OBJC_MSGSEND = YES;
				GCC_C_LANGUAGE_STANDARD = gnu99;
				GCC_NO_COMMON_BLOCKS = YES;
				GCC_WARN_64_TO_32_BIT_CONVERSION = YES;
				GCC_WARN_ABOUT_RETURN_TYPE = YES_ERROR;
				GCC_WARN_UNDECLARED_SELECTOR = YES;
				GCC_WARN_UNINITIALIZED_AUTOS = YES_AGGRESSIVE;
				GCC_WARN_UNUSED_FUNCTION = YES;
				GCC_WARN_UNUSED_VARIABLE = YES;
				IPHONEOS_DEPLOYMENT_TARGET = 10.0;
				MTL_ENABLE_DEBUG_INFO = NO;
				SDKROOT = iphoneos;
				SWIFT_OPTIMIZATION_LEVEL = "-Owholemodule";
				VALIDATE_PRODUCT = YES;
			};
			name = Release;
		};
		05095F0B1D9725EB003673C1 /* Debug */ = {
			isa = XCBuildConfiguration;
			baseConfigurationReference = 5D221649CAD4C633C6DE690E /* Pods-La Colectiva.debug.xcconfig */;
			buildSettings = {
				ASSETCATALOG_COMPILER_APPICON_NAME = AppIcon;
				DEVELOPMENT_TEAM = HPTGC36X8W;
				INFOPLIST_FILE = "La Colectiva/Info.plist";
				IPHONEOS_DEPLOYMENT_TARGET = 9.0;
				LD_RUNPATH_SEARCH_PATHS = "$(inherited) @executable_path/Frameworks";
				PRODUCT_BUNDLE_IDENTIFIER = "com.lacolectiva.La-Colectiva";
				PRODUCT_NAME = "$(TARGET_NAME)";
				SWIFT_VERSION = 3.0;
			};
			name = Debug;
		};
		05095F0C1D9725EB003673C1 /* Release */ = {
			isa = XCBuildConfiguration;
			baseConfigurationReference = 7CBDFD515C9C4004BFA4A0CF /* Pods-La Colectiva.release.xcconfig */;
			buildSettings = {
				ASSETCATALOG_COMPILER_APPICON_NAME = AppIcon;
				DEVELOPMENT_TEAM = HPTGC36X8W;
				INFOPLIST_FILE = "La Colectiva/Info.plist";
				IPHONEOS_DEPLOYMENT_TARGET = 9.0;
				LD_RUNPATH_SEARCH_PATHS = "$(inherited) @executable_path/Frameworks";
				PRODUCT_BUNDLE_IDENTIFIER = "com.lacolectiva.La-Colectiva";
				PRODUCT_NAME = "$(TARGET_NAME)";
				SWIFT_VERSION = 3.0;
			};
			name = Release;
		};
		05095F0E1D9725EB003673C1 /* Debug */ = {
			isa = XCBuildConfiguration;
			buildSettings = {
				ALWAYS_EMBED_SWIFT_STANDARD_LIBRARIES = YES;
				BUNDLE_LOADER = "$(TEST_HOST)";
				INFOPLIST_FILE = "La ColectivaTests/Info.plist";
				LD_RUNPATH_SEARCH_PATHS = "$(inherited) @executable_path/Frameworks @loader_path/Frameworks";
				PRODUCT_BUNDLE_IDENTIFIER = "com.lacolectiva.La-ColectivaTests";
				PRODUCT_NAME = "$(TARGET_NAME)";
				SWIFT_VERSION = 3.0;
				TEST_HOST = "$(BUILT_PRODUCTS_DIR)/La Colectiva.app/La Colectiva";
			};
			name = Debug;
		};
		05095F0F1D9725EB003673C1 /* Release */ = {
			isa = XCBuildConfiguration;
			buildSettings = {
				ALWAYS_EMBED_SWIFT_STANDARD_LIBRARIES = YES;
				BUNDLE_LOADER = "$(TEST_HOST)";
				INFOPLIST_FILE = "La ColectivaTests/Info.plist";
				LD_RUNPATH_SEARCH_PATHS = "$(inherited) @executable_path/Frameworks @loader_path/Frameworks";
				PRODUCT_BUNDLE_IDENTIFIER = "com.lacolectiva.La-ColectivaTests";
				PRODUCT_NAME = "$(TARGET_NAME)";
				SWIFT_VERSION = 3.0;
				TEST_HOST = "$(BUILT_PRODUCTS_DIR)/La Colectiva.app/La Colectiva";
			};
			name = Release;
		};
		05095F111D9725EB003673C1 /* Debug */ = {
			isa = XCBuildConfiguration;
			buildSettings = {
				ALWAYS_EMBED_SWIFT_STANDARD_LIBRARIES = YES;
				INFOPLIST_FILE = "La ColectivaUITests/Info.plist";
				LD_RUNPATH_SEARCH_PATHS = "$(inherited) @executable_path/Frameworks @loader_path/Frameworks";
				PRODUCT_BUNDLE_IDENTIFIER = "com.lacolectiva.La-ColectivaUITests";
				PRODUCT_NAME = "$(TARGET_NAME)";
				SWIFT_VERSION = 3.0;
				TEST_TARGET_NAME = "La Colectiva";
			};
			name = Debug;
		};
		05095F121D9725EB003673C1 /* Release */ = {
			isa = XCBuildConfiguration;
			buildSettings = {
				ALWAYS_EMBED_SWIFT_STANDARD_LIBRARIES = YES;
				INFOPLIST_FILE = "La ColectivaUITests/Info.plist";
				LD_RUNPATH_SEARCH_PATHS = "$(inherited) @executable_path/Frameworks @loader_path/Frameworks";
				PRODUCT_BUNDLE_IDENTIFIER = "com.lacolectiva.La-ColectivaUITests";
				PRODUCT_NAME = "$(TARGET_NAME)";
				SWIFT_VERSION = 3.0;
				TEST_TARGET_NAME = "La Colectiva";
			};
			name = Release;
		};
/* End XCBuildConfiguration section */

/* Begin XCConfigurationList section */
		05095EDD1D9725EB003673C1 /* Build configuration list for PBXProject "La Colectiva" */ = {
			isa = XCConfigurationList;
			buildConfigurations = (
				05095F081D9725EB003673C1 /* Debug */,
				05095F091D9725EB003673C1 /* Release */,
			);
			defaultConfigurationIsVisible = 0;
			defaultConfigurationName = Release;
		};
		05095F0A1D9725EB003673C1 /* Build configuration list for PBXNativeTarget "La Colectiva" */ = {
			isa = XCConfigurationList;
			buildConfigurations = (
				05095F0B1D9725EB003673C1 /* Debug */,
				05095F0C1D9725EB003673C1 /* Release */,
			);
			defaultConfigurationIsVisible = 0;
			defaultConfigurationName = Release;
		};
		05095F0D1D9725EB003673C1 /* Build configuration list for PBXNativeTarget "La ColectivaTests" */ = {
			isa = XCConfigurationList;
			buildConfigurations = (
				05095F0E1D9725EB003673C1 /* Debug */,
				05095F0F1D9725EB003673C1 /* Release */,
			);
			defaultConfigurationIsVisible = 0;
			defaultConfigurationName = Release;
		};
		05095F101D9725EB003673C1 /* Build configuration list for PBXNativeTarget "La ColectivaUITests" */ = {
			isa = XCConfigurationList;
			buildConfigurations = (
				05095F111D9725EB003673C1 /* Debug */,
				05095F121D9725EB003673C1 /* Release */,
			);
			defaultConfigurationIsVisible = 0;
			defaultConfigurationName = Release;
		};
/* End XCConfigurationList section */
	};
	rootObject = 05095EDA1D9725EB003673C1 /* Project object */;
}
